
Microsoft Visual Studio Solution File, Format Version 12.00
# Visual Studio Version 17
VisualStudioVersion = 17.14.36301.6 d17.14
MinimumVisualStudioVersion = 10.0.40219.1
Project("{FAE04EC0-301F-11D3-BF4B-00C04F79EFBC}") = "CAR_RENTAL", "CAR_RENTAL.csproj", "{12A7192A-E740-46E2-89A7-4F3DD7A089EE}"
EndProject
Global
	GlobalSection(SolutionConfigurationPlatforms) = preSolution
		Debug|Any CPU = Debug|Any CPU
		Release|Any CPU = Release|Any CPU
	EndGlobalSection
	GlobalSection(ProjectConfigurationPlatforms) = postSolution
		{12A7192A-E740-46E2-89A7-4F3DD7A089EE}.Debug|Any CPU.ActiveCfg = Debug|Any CPU
		{12A7192A-E740-46E2-89A7-4F3DD7A089EE}.Debug|Any CPU.Build.0 = Debug|Any CPU
		{12A7192A-E740-46E2-89A7-4F3DD7A089EE}.Release|Any CPU.ActiveCfg = Release|Any CPU
		{12A7192A-E740-46E2-89A7-4F3DD7A089EE}.Release|Any CPU.Build.0 = Release|Any CPU
	EndGlobalSection
	GlobalSection(SolutionProperties) = preSolution
		HideSolutionNode = FALSE
	EndGlobalSection
	GlobalSection(ExtensibilityGlobals) = postSolution
		SolutionGuid = {517A1424-696E-4182-873E-74147310D716}
	EndGlobalSection
EndGlobal
